
Microsoft Visual Studio Solution File, Format Version 12.00
# Visual Studio Version 17
VisualStudioVersion = 17.4.33213.308
MinimumVisualStudioVersion = 10.0.40219.1
Project("{FAE04EC0-301F-11D3-BF4B-00C04F79EFBC}") = "COMP003A.Assignment1", "COMP003A.Assignment1\COMP003A.Assignment1.csproj", "{40A120D1-9851-441D-973A-139DBEBD3DA4}"
EndProject
Global
	GlobalSection(SolutionConfigurationPlatforms) = preSolution
		Debug|Any CPU = Debug|Any CPU
		Release|Any CPU = Release|Any CPU
	EndGlobalSection
	GlobalSection(ProjectConfigurationPlatforms) = postSolution
		{40A120D1-9851-441D-973A-139DBEBD3DA4}.Debug|Any CPU.ActiveCfg = Debug|Any CPU
		{40A120D1-9851-441D-973A-139DBEBD3DA4}.Debug|Any CPU.Build.0 = Debug|Any CPU
		{40A120D1-9851-441D-973A-139DBEBD3DA4}.Release|Any CPU.ActiveCfg = Release|Any CPU
		{40A120D1-9851-441D-973A-139DBEBD3DA4}.Release|Any CPU.Build.0 = Release|Any CPU
	EndGlobalSection
	GlobalSection(SolutionProperties) = preSolution
		HideSolutionNode = FALSE
	EndGlobalSection
	GlobalSection(ExtensibilityGlobals) = postSolution
		SolutionGuid = {0EB4A521-98B4-4141-89AC-F2375DE0DA46}
	EndGlobalSection
EndGlobal
